
Microsoft Visual Studio Solution File, Format Version 12.00
# Visual Studio Version 16
VisualStudioVersion = 16.0.29418.71
MinimumVisualStudioVersion = 10.0.40219.1
Project("{FAE04EC0-301F-11D3-BF4B-00C04F79EFBC}") = "Xamarin_Assg2.UWP", "Xamarin_Assg2\Xamarin_Assg2.UWP\Xamarin_Assg2.UWP.csproj", "{160F0A36-20E0-446E-ACF2-4F0A472EC054}"
EndProject
Project("{FAE04EC0-301F-11D3-BF4B-00C04F79EFBC}") = "Xamarin_Assg2.Android", "Xamarin_Assg2\Xamarin_Assg2.Android\Xamarin_Assg2.Android.csproj", "{E04ADCDA-8E6B-4806-B6E9-07C2BDBE880D}"
EndProject
Project("{FAE04EC0-301F-11D3-BF4B-00C04F79EFBC}") = "Xamarin_Assg2.iOS", "Xamarin_Assg2\Xamarin_Assg2.iOS\Xamarin_Assg2.iOS.csproj", "{0DAED165-782E-4F47-93CD-AE178F9E8F97}"
EndProject
Project("{FAE04EC0-301F-11D3-BF4B-00C04F79EFBC}") = "Xamarin_Assg2", "Xamarin_Assg2\Xamarin_Assg2\Xamarin_Assg2.csproj", "{BC647E88-CF1B-4703-9CA2-5A4A11354FDD}"
EndProject
Global
	GlobalSection(SolutionConfigurationPlatforms) = preSolution
		Debug|Any CPU = Debug|Any CPU
		Debug|ARM = Debug|ARM
		Debug|iPhone = Debug|iPhone
		Debug|iPhoneSimulator = Debug|iPhoneSimulator
		Debug|x64 = Debug|x64
		Debug|x86 = Debug|x86
		Release|Any CPU = Release|Any CPU
		Release|ARM = Release|ARM
		Release|iPhone = Release|iPhone
		Release|iPhoneSimulator = Release|iPhoneSimulator
		Release|x64 = Release|x64
		Release|x86 = Release|x86
	EndGlobalSection
	GlobalSection(ProjectConfigurationPlatforms) = postSolution
		{160F0A36-20E0-446E-ACF2-4F0A472EC054}.Debug|Any CPU.ActiveCfg = Debug|x86
		{160F0A36-20E0-446E-ACF2-4F0A472EC054}.Debug|Any CPU.Build.0 = Debug|x86
		{160F0A36-20E0-446E-ACF2-4F0A472EC054}.Debug|Any CPU.Deploy.0 = Debug|x86
		{160F0A36-20E0-446E-ACF2-4F0A472EC054}.Debug|ARM.ActiveCfg = Debug|ARM
		{160F0A36-20E0-446E-ACF2-4F0A472EC054}.Debug|ARM.Build.0 = Debug|ARM
		{160F0A36-20E0-446E-ACF2-4F0A472EC054}.Debug|ARM.Deploy.0 = Debug|ARM
		{160F0A36-20E0-446E-ACF2-4F0A472EC054}.Debug|iPhone.ActiveCfg = Debug|x86
		{160F0A36-20E0-446E-ACF2-4F0A472EC054}.Debug|iPhone.Build.0 = Debug|x86
		{160F0A36-20E0-446E-ACF2-4F0A472EC054}.Debug|iPhone.Deploy.0 = Debug|x86
		{160F0A36-20E0-446E-ACF2-4F0A472EC054}.Debug|iPhoneSimulator.ActiveCfg = Debug|x86
		{160F0A36-20E0-446E-ACF2-4F0A472EC054}.Debug|iPhoneSimulator.Build.0 = Debug|x86
		{160F0A36-20E0-446E-ACF2-4F0A472EC054}.Debug|iPhoneSimulator.Deploy.0 = Debug|x86
		{160F0A36-20E0-446E-ACF2-4F0A472EC054}.Debug|x64.ActiveCfg = Debug|x64
		{160F0A36-20E0-446E-ACF2-4F0A472EC054}.Debug|x64.Build.0 = Debug|x64
		{160F0A36-20E0-446E-ACF2-4F0A472EC054}.Debug|x64.Deploy.0 = Debug|x64
		{160F0A36-20E0-446E-ACF2-4F0A472EC054}.Debug|x86.ActiveCfg = Debug|x86
		{160F0A36-20E0-446E-ACF2-4F0A472EC054}.Debug|x86.Build.0 = Debug|x86
		{160F0A36-20E0-446E-ACF2-4F0A472EC054}.Debug|x86.Deploy.0 = Debug|x86
		{160F0A36-20E0-446E-ACF2-4F0A472EC054}.Release|Any CPU.ActiveCfg = Release|x86
		{160F0A36-20E0-446E-ACF2-4F0A472EC054}.Release|Any CPU.Build.0 = Release|x86
		{160F0A36-20E0-446E-ACF2-4F0A472EC054}.Release|Any CPU.Deploy.0 = Release|x86
		{160F0A36-20E0-446E-ACF2-4F0A472EC054}.Release|ARM.ActiveCfg = Release|ARM
		{160F0A36-20E0-446E-ACF2-4F0A472EC054}.Release|ARM.Build.0 = Release|ARM
		{160F0A36-20E0-446E-ACF2-4F0A472EC054}.Release|ARM.Deploy.0 = Release|ARM
		{160F0A36-20E0-446E-ACF2-4F0A472EC054}.Release|iPhone.ActiveCfg = Release|x86
		{160F0A36-20E0-446E-ACF2-4F0A472EC054}.Release|iPhone.Build.0 = Release|x86
		{160F0A36-20E0-446E-ACF2-4F0A472EC054}.Release|iPhone.Deploy.0 = Release|x86
		{160F0A36-20E0-446E-ACF2-4F0A472EC054}.Release|iPhoneSimulator.ActiveCfg = Release|x86
		{160F0A36-20E0-446E-ACF2-4F0A472EC054}.Release|iPhoneSimulator.Build.0 = Release|x86
		{160F0A36-20E0-446E-ACF2-4F0A472EC054}.Release|iPhoneSimulator.Deploy.0 = Release|x86
		{160F0A36-20E0-446E-ACF2-4F0A472EC054}.Release|x64.ActiveCfg = Release|x64
		{160F0A36-20E0-446E-ACF2-4F0A472EC054}.Release|x64.Build.0 = Release|x64
		{160F0A36-20E0-446E-ACF2-4F0A472EC054}.Release|x64.Deploy.0 = Release|x64
		{160F0A36-20E0-446E-ACF2-4F0A472EC054}.Release|x86.ActiveCfg = Release|x86
		{160F0A36-20E0-446E-ACF2-4F0A472EC054}.Release|x86.Build.0 = Release|x86
		{160F0A36-20E0-446E-ACF2-4F0A472EC054}.Release|x86.Deploy.0 = Release|x86
		{E04ADCDA-8E6B-4806-B6E9-07C2BDBE880D}.Debug|Any CPU.ActiveCfg = Debug|Any CPU
		{E04ADCDA-8E6B-4806-B6E9-07C2BDBE880D}.Debug|Any CPU.Build.0 = Debug|Any CPU
		{E04ADCDA-8E6B-4806-B6E9-07C2BDBE880D}.Debug|Any CPU.Deploy.0 = Debug|Any CPU
		{E04ADCDA-8E6B-4806-B6E9-07C2BDBE880D}.Debug|ARM.ActiveCfg = Debug|Any CPU
		{E04ADCDA-8E6B-4806-B6E9-07C2BDBE880D}.Debug|ARM.Build.0 = Debug|Any CPU
		{E04ADCDA-8E6B-4806-B6E9-07C2BDBE880D}.Debug|ARM.Deploy.0 = Debug|Any CPU
		{E04ADCDA-8E6B-4806-B6E9-07C2BDBE880D}.Debug|iPhone.ActiveCfg = Debug|Any CPU
		{E04ADCDA-8E6B-4806-B6E9-07C2BDBE880D}.Debug|iPhone.Build.0 = Debug|Any CPU
		{E04ADCDA-8E6B-4806-B6E9-07C2BDBE880D}.Debug|iPhone.Deploy.0 = Debug|Any CPU
		{E04ADCDA-8E6B-4806-B6E9-07C2BDBE880D}.Debug|iPhoneSimulator.ActiveCfg = Debug|Any CPU
		{E04ADCDA-8E6B-4806-B6E9-07C2BDBE880D}.Debug|iPhoneSimulator.Build.0 = Debug|Any CPU
		{E04ADCDA-8E6B-4806-B6E9-07C2BDBE880D}.Debug|iPhoneSimulator.Deploy.0 = Debug|Any CPU
		{E04ADCDA-8E6B-4806-B6E9-07C2BDBE880D}.Debug|x64.ActiveCfg = Debug|Any CPU
		{E04ADCDA-8E6B-4806-B6E9-07C2BDBE880D}.Debug|x64.Build.0 = Debug|Any CPU
		{E04ADCDA-8E6B-4806-B6E9-07C2BDBE880D}.Debug|x64.Deploy.0 = Debug|Any CPU
		{E04ADCDA-8E6B-4806-B6E9-07C2BDBE880D}.Debug|x86.ActiveCfg = Debug|Any CPU
		{E04ADCDA-8E6B-4806-B6E9-07C2BDBE880D}.Debug|x86.Build.0 = Debug|Any CPU
		{E04ADCDA-8E6B-4806-B6E9-07C2BDBE880D}.Debug|x86.Deploy.0 = Debug|Any CPU
		{E04ADCDA-8E6B-4806-B6E9-07C2BDBE880D}.Release|Any CPU.ActiveCfg = Release|Any CPU
		{E04ADCDA-8E6B-4806-B6E9-07C2BDBE880D}.Release|Any CPU.Build.0 = Release|Any CPU
		{E04ADCDA-8E6B-4806-B6E9-07C2BDBE880D}.Release|Any CPU.Deploy.0 = Release|Any CPU
		{E04ADCDA-8E6B-4806-B6E9-07C2BDBE880D}.Release|ARM.ActiveCfg = Release|Any CPU
		{E04ADCDA-8E6B-4806-B6E9-07C2BDBE880D}.Release|ARM.Build.0 = Release|Any CPU
		{E04ADCDA-8E6B-4806-B6E9-07C2BDBE880D}.Release|ARM.Deploy.0 = Release|Any CPU
		{E04ADCDA-8E6B-4806-B6E9-07C2BDBE880D}.Release|iPhone.ActiveCfg = Release|Any CPU
		{E04ADCDA-8E6B-4806-B6E9-07C2BDBE880D}.Release|iPhone.Build.0 = Release|Any CPU
		{E04ADCDA-8E6B-4806-B6E9-07C2BDBE880D}.Release|iPhone.Deploy.0 = Release|Any CPU
		{E04ADCDA-8E6B-4806-B6E9-07C2BDBE880D}.Release|iPhoneSimulator.ActiveCfg = Release|Any CPU
		{E04ADCDA-8E6B-4806-B6E9-07C2BDBE880D}.Release|iPhoneSimulator.Build.0 = Release|Any CPU
		{E04ADCDA-8E6B-4806-B6E9-07C2BDBE880D}.Release|iPhoneSimulator.Deploy.0 = Release|Any CPU
		{E04ADCDA-8E6B-4806-B6E9-07C2BDBE880D}.Release|x64.ActiveCfg = Release|Any CPU
		{E04ADCDA-8E6B-4806-B6E9-07C2BDBE880D}.Release|x64.Build.0 = Release|Any CPU
		{E04ADCDA-8E6B-4806-B6E9-07C2BDBE880D}.Release|x64.Deploy.0 = Release|Any CPU
		{E04ADCDA-8E6B-4806-B6E9-07C2BDBE880D}.Release|x86.ActiveCfg = Release|Any CPU
		{E04ADCDA-8E6B-4806-B6E9-07C2BDBE880D}.Release|x86.Build.0 = Release|Any CPU
		{E04ADCDA-8E6B-4806-B6E9-07C2BDBE880D}.Release|x86.Deploy.0 = Release|Any CPU
		{0DAED165-782E-4F47-93CD-AE178F9E8F97}.Debug|Any CPU.ActiveCfg = Debug|iPhone
		{0DAED165-782E-4F47-93CD-AE178F9E8F97}.Debug|Any CPU.Build.0 = Debug|iPhone
		{0DAED165-782E-4F47-93CD-AE178F9E8F97}.Debug|Any CPU.Deploy.0 = Debug|iPhone
		{0DAED165-782E-4F47-93CD-AE178F9E8F97}.Debug|ARM.ActiveCfg = Debug|iPhoneSimulator
		{0DAED165-782E-4F47-93CD-AE178F9E8F97}.Debug|ARM.Build.0 = Debug|iPhoneSimulator
		{0DAED165-782E-4F47-93CD-AE178F9E8F97}.Debug|ARM.Deploy.0 = Debug|iPhoneSimulator
		{0DAED165-782E-4F47-93CD-AE178F9E8F97}.Debug|iPhone.ActiveCfg = Debug|iPhone
		{0DAED165-782E-4F47-93CD-AE178F9E8F97}.Debug|iPhone.Build.0 = Debug|iPhone
		{0DAED165-782E-4F47-93CD-AE178F9E8F97}.Debug|iPhone.Deploy.0 = Debug|iPhone
		{0DAED165-782E-4F47-93CD-AE178F9E8F97}.Debug|iPhoneSimulator.ActiveCfg = Debug|iPhoneSimulator
		{0DAED165-782E-4F47-93CD-AE178F9E8F97}.Debug|iPhoneSimulator.Build.0 = Debug|iPhoneSimulator
		{0DAED165-782E-4F47-93CD-AE178F9E8F97}.Debug|iPhoneSimulator.Deploy.0 = Debug|iPhoneSimulator
		{0DAED165-782E-4F47-93CD-AE178F9E8F97}.Debug|x64.ActiveCfg = Debug|iPhone
		{0DAED165-782E-4F47-93CD-AE178F9E8F97}.Debug|x64.Build.0 = Debug|iPhone
		{0DAED165-782E-4F47-93CD-AE178F9E8F97}.Debug|x64.Deploy.0 = Debug|iPhone
		{0DAED165-782E-4F47-93CD-AE178F9E8F97}.Debug|x86.ActiveCfg = Debug|iPhone
		{0DAED165-782E-4F47-93CD-AE178F9E8F97}.Debug|x86.Build.0 = Debug|iPhone
		{0DAED165-782E-4F47-93CD-AE178F9E8F97}.Debug|x86.Deploy.0 = Debug|iPhone
		{0DAED165-782E-4F47-93CD-AE178F9E8F97}.Release|Any CPU.ActiveCfg = Release|iPhone
		{0DAED165-782E-4F47-93CD-AE178F9E8F97}.Release|Any CPU.Build.0 = Release|iPhone
		{0DAED165-782E-4F47-93CD-AE178F9E8F97}.Release|Any CPU.Deploy.0 = Release|iPhone
		{0DAED165-782E-4F47-93CD-AE178F9E8F97}.Release|ARM.ActiveCfg = Release|iPhone
		{0DAED165-782E-4F47-93CD-AE178F9E8F97}.Release|ARM.Build.0 = Release|iPhone
		{0DAED165-782E-4F47-93CD-AE178F9E8F97}.Release|ARM.Deploy.0 = Release|iPhone
		{0DAED165-782E-4F47-93CD-AE178F9E8F97}.Release|iPhone.ActiveCfg = Release|iPhone
		{0DAED165-782E-4F47-93CD-AE178F9E8F97}.Release|iPhone.Build.0 = Release|iPhone
		{0DAED165-782E-4F47-93CD-AE178F9E8F97}.Release|iPhone.Deploy.0 = Release|iPhone
		{0DAED165-782E-4F47-93CD-AE178F9E8F97}.Release|iPhoneSimulator.ActiveCfg = Release|iPhoneSimulator
		{0DAED165-782E-4F47-93CD-AE178F9E8F97}.Release|iPhoneSimulator.Build.0 = Release|iPhoneSimulator
		{0DAED165-782E-4F47-93CD-AE178F9E8F97}.Release|iPhoneSimulator.Deploy.0 = Release|iPhoneSimulator
		{0DAED165-782E-4F47-93CD-AE178F9E8F97}.Release|x64.ActiveCfg = Release|iPhone
		{0DAED165-782E-4F47-93CD-AE178F9E8F97}.Release|x64.Build.0 = Release|iPhone
		{0DAED165-782E-4F47-93CD-AE178F9E8F97}.Release|x64.Deploy.0 = Release|iPhone
		{0DAED165-782E-4F47-93CD-AE178F9E8F97}.Release|x86.ActiveCfg = Release|iPhone
		{0DAED165-782E-4F47-93CD-AE178F9E8F97}.Release|x86.Build.0 = Release|iPhone
		{0DAED165-782E-4F47-93CD-AE178F9E8F97}.Release|x86.Deploy.0 = Release|iPhone
		{BC647E88-CF1B-4703-9CA2-5A4A11354FDD}.Debug|Any CPU.ActiveCfg = Debug|Any CPU
		{BC647E88-CF1B-4703-9CA2-5A4A11354FDD}.Debug|Any CPU.Build.0 = Debug|Any CPU
		{BC647E88-CF1B-4703-9CA2-5A4A11354FDD}.Debug|Any CPU.Deploy.0 = Debug|Any CPU
		{BC647E88-CF1B-4703-9CA2-5A4A11354FDD}.Debug|ARM.ActiveCfg = Debug|Any CPU
		{BC647E88-CF1B-4703-9CA2-5A4A11354FDD}.Debug|ARM.Build.0 = Debug|Any CPU
		{BC647E88-CF1B-4703-9CA2-5A4A11354FDD}.Debug|ARM.Deploy.0 = Debug|Any CPU
		{BC647E88-CF1B-4703-9CA2-5A4A11354FDD}.Debug|iPhone.ActiveCfg = Debug|Any CPU
		{BC647E88-CF1B-4703-9CA2-5A4A11354FDD}.Debug|iPhone.Build.0 = Debug|Any CPU
		{BC647E88-CF1B-4703-9CA2-5A4A11354FDD}.Debug|iPhone.Deploy.0 = Debug|Any CPU
		{BC647E88-CF1B-4703-9CA2-5A4A11354FDD}.Debug|iPhoneSimulator.ActiveCfg = Debug|Any CPU
		{BC647E88-CF1B-4703-9CA2-5A4A11354FDD}.Debug|iPhoneSimulator.Build.0 = Debug|Any CPU
		{BC647E88-CF1B-4703-9CA2-5A4A11354FDD}.Debug|iPhoneSimulator.Deploy.0 = Debug|Any CPU
		{BC647E88-CF1B-4703-9CA2-5A4A11354FDD}.Debug|x64.ActiveCfg = Debug|Any CPU
		{BC647E88-CF1B-4703-9CA2-5A4A11354FDD}.Debug|x64.Build.0 = Debug|Any CPU
		{BC647E88-CF1B-4703-9CA2-5A4A11354FDD}.Debug|x64.Deploy.0 = Debug|Any CPU
		{BC647E88-CF1B-4703-9CA2-5A4A11354FDD}.Debug|x86.ActiveCfg = Debug|Any CPU
		{BC647E88-CF1B-4703-9CA2-5A4A11354FDD}.Debug|x86.Build.0 = Debug|Any CPU
		{BC647E88-CF1B-4703-9CA2-5A4A11354FDD}.Debug|x86.Deploy.0 = Debug|Any CPU
		{BC647E88-CF1B-4703-9CA2-5A4A11354FDD}.Release|Any CPU.ActiveCfg = Release|Any CPU
		{BC647E88-CF1B-4703-9CA2-5A4A11354FDD}.Release|Any CPU.Build.0 = Release|Any CPU
		{BC647E88-CF1B-4703-9CA2-5A4A11354FDD}.Release|Any CPU.Deploy.0 = Release|Any CPU
		{BC647E88-CF1B-4703-9CA2-5A4A11354FDD}.Release|ARM.ActiveCfg = Release|Any CPU
		{BC647E88-CF1B-4703-9CA2-5A4A11354FDD}.Release|ARM.Build.0 = Release|Any CPU
		{BC647E88-CF1B-4703-9CA2-5A4A11354FDD}.Release|ARM.Deploy.0 = Release|Any CPU
		{BC647E88-CF1B-4703-9CA2-5A4A11354FDD}.Release|iPhone.ActiveCfg = Release|Any CPU
		{BC647E88-CF1B-4703-9CA2-5A4A11354FDD}.Release|iPhone.Build.0 = Release|Any CPU
		{BC647E88-CF1B-4703-9CA2-5A4A11354FDD}.Release|iPhone.Deploy.0 = Release|Any CPU
		{BC647E88-CF1B-4703-9CA2-5A4A11354FDD}.Release|iPhoneSimulator.ActiveCfg = Release|Any CPU
		{BC647E88-CF1B-4703-9CA2-5A4A11354FDD}.Release|iPhoneSimulator.Build.0 = Release|Any CPU
		{BC647E88-CF1B-4703-9CA2-5A4A11354FDD}.Release|iPhoneSimulator.Deploy.0 = Release|Any CPU
		{BC647E88-CF1B-4703-9CA2-5A4A11354FDD}.Release|x64.ActiveCfg = Release|Any CPU
		{BC647E88-CF1B-4703-9CA2-5A4A11354FDD}.Release|x64.Build.0 = Release|Any CPU
		{BC647E88-CF1B-4703-9CA2-5A4A11354FDD}.Release|x64.Deploy.0 = Release|Any CPU
		{BC647E88-CF1B-4703-9CA2-5A4A11354FDD}.Release|x86.ActiveCfg = Release|Any CPU
		{BC647E88-CF1B-4703-9CA2-5A4A11354FDD}.Release|x86.Build.0 = Release|Any CPU
		{BC647E88-CF1B-4703-9CA2-5A4A11354FDD}.Release|x86.Deploy.0 = Release|Any CPU
	EndGlobalSection
	GlobalSection(SolutionProperties) = preSolution
		HideSolutionNode = FALSE
	EndGlobalSection
	GlobalSection(ExtensibilityGlobals) = postSolution
		SolutionGuid = {E92B97C1-D259-4E0F-B5C1-0F735313CD1B}
	EndGlobalSection
EndGlobal
